github.com/MetroReviews/metro-integrase v0.0.0-20220603202054-e06822c284c2 h1:KXEuAeCanG6h69cGWdcyhd/EC1pEqwV6GXncmZ3Bqck=
github.com/MetroReviews/metro-integrase v0.0.0-20220603202054-e06822c284c2/go.mod h1:55G1NiozkP3EPp6TIe6QV3SorOE1BPdoM5oWFqDegiQ=
github.com/MetroReviews/metro-integrase v0.0.0-20220604121054-fd2b2c466d0e h1:SF8eRXkbYGXqIdf/Mr/3CZVQBYSAbW9/hmDBSLYcT6M=
github.com/MetroReviews/metro-integrase v0.0.0-20220604121054-fd2b2c466d0e/go.mod h1:55G1NiozkP3EPp6TIe6QV3SorOE1BPdoM5oWFqDegiQ=
github.com/MetroReviews/metro-integrase v0.0.0-20220604121245-7e6af6af98e7 h1:ZW4n873L3L1VZ/BKKiJoqWi7cvNE5ZKCRVOZaTAvBVo=
github.com/MetroReviews/metro-integrase v0.0.0-20220604121245-7e6af6af98e7/go.mod h1:55G1NiozkP3EPp6TIe6QV3SorOE1BPdoM5oWFqDegiQ=
github.com/MetroReviews/metro-integrase v0.0.0-20220604121602-776bf6116d7c h1:SEjHHzsqn8UJ/m0WxmnPzi5Tp4vhBlSN0Xuwdv+Tn0Y=
github.com/MetroReviews/metro-integrase v0.0.0-20220604121602-776bf6116d7c/go.mod h1:55G1NiozkP3EPp6TIe6QV3SorOE1BPdoM5oWFqDegiQ=
github.com/MetroReviews/metro-integrase v0.0.0-20220604121836-517e0719c440 h1:4caT/jVJbXUqPSJKeufIAe+p38K6JxVYDGBIhIK58X8=
github.com/MetroReviews/metro-integrase v0.0.0-20220604121836-517e0719c440/go.mod h1:55G1NiozkP3EPp6TIe6QV3SorOE1BPdoM5oWFqDegiQ=
github.com/MetroReviews/metro-integrase v0.0.0-20220604122042-251a91ce15be h1:tj796SB2lKvgRfwFi4z8iC1/wpQHxBFB2Uli+yC4wKg=
github.com/MetroReviews/metro-integrase v0.0.0-20220604122042-251a91ce15be/go.mod h1:5XMv6k+1wS85m8V/pm/f4ZZ00t6TZBN0+BtOTVbjSTM=
github.com/davecgh/go-spew v1.1.1/go.mod h1:J7Y8YcW2NihsgmVo/mv3lAwl/skON4iLHjSsI+c5H38=
github.com/gorilla/mux v1.8.0 h1:i40aqfkR1h2SlN9hojwV5ZA91wcXFOvkdNIeFDP5koI=
github.com/gorilla/mux v1.8.0/go.mod h1:DVbg23sWSpFRCP0SfiEN6jmj59UnW/n46BH5rLB71So=
github.com/joho/godotenv v1.4.0 h1:3l4+N6zfMWnkbPEXKng2o2/MR5mSwTrBih4ZEkkz1lg=
github.com/joho/godotenv v1.4.0/go.mod h1:f4LDr5Voq0i2e/R5DDNOoa2zzDfwtkZa6DnEwAbqwq4=
github.com/pmezard/go-difflib v1.0.0/go.mod h1:iKH77koFhYxTK1pcRnkKkqfTogsbg7gZNVY4sRDYZ/4=
github.com/sirupsen/logrus v1.8.1 h1:dJKuHgqk1NNQlqoA6BTlM1Wf9DOH3NBjQyu0h9+AZZE=
github.com/sirupsen/logrus v1.8.1/go.mod h1:yWOB1SBYBC5VeMP7gHvWumXLIWorT60ONWic61uBYv0=
github.com/stretchr/testify v1.2.2/go.mod h1:a8OnRcib4nhh0OaRAV+Yts87kKdq0PP7pXfy6kDkUVs=
golang.org/x/sys v0.0.0-20191026070338-33540a1f6037/go.mod h1:h1NjWce9XRLGQEsW7wpKNCjG9DtNlClVuFLEZdDNbEs=
golang.org/x/sys v0.0.0-20220520151302-bc2c85ada10a h1:dGzPydgVsqGcTRVwiLJ1jVbufYwmzD3LfVPLKsKg+0k=
golang.org/x/sys v0.0.0-20220520151302-bc2c85ada10a/go.mod h1:oPkhp1MJrh7nUepCBck5+mAzfO9JrbApNNgaTdGDITg=
